
Microsoft Visual Studio Solution File, Format Version 12.00
# Visual Studio Version 16
VisualStudioVersion = 16.0.29403.142
MinimumVisualStudioVersion = 10.0.40219.1
Project("{FAE04EC0-301F-11D3-BF4B-00C04F79EFBC}") = "Выведение данных в datagridview", "Выведение данных в datagridview\Выведение данных в datagridview.csproj", "{01A5B75A-21F5-4ED2-B0EF-EAE5C1A15067}"
EndProject
Project("{54435603-DBB4-11D2-8724-00A0C9A8B90C}") = "Setuper", "Setuper\Setuper.vdproj", "{1A0ADE46-6C63-44E9-82C7-8990E933FBEE}"
EndProject
Global
	GlobalSection(SolutionConfigurationPlatforms) = preSolution
		Debug|Any CPU = Debug|Any CPU
		Release|Any CPU = Release|Any CPU
	EndGlobalSection
	GlobalSection(ProjectConfigurationPlatforms) = postSolution
		{01A5B75A-21F5-4ED2-B0EF-EAE5C1A15067}.Debug|Any CPU.ActiveCfg = Debug|Any CPU
		{01A5B75A-21F5-4ED2-B0EF-EAE5C1A15067}.Debug|Any CPU.Build.0 = Debug|Any CPU
		{01A5B75A-21F5-4ED2-B0EF-EAE5C1A15067}.Release|Any CPU.ActiveCfg = Release|Any CPU
		{01A5B75A-21F5-4ED2-B0EF-EAE5C1A15067}.Release|Any CPU.Build.0 = Release|Any CPU
		{1A0ADE46-6C63-44E9-82C7-8990E933FBEE}.Debug|Any CPU.ActiveCfg = Debug
		{1A0ADE46-6C63-44E9-82C7-8990E933FBEE}.Release|Any CPU.ActiveCfg = Release
	EndGlobalSection
	GlobalSection(SolutionProperties) = preSolution
		HideSolutionNode = FALSE
	EndGlobalSection
	GlobalSection(ExtensibilityGlobals) = postSolution
		SolutionGuid = {B196EED6-C70D-4555-B2F9-63330126A033}
	EndGlobalSection
EndGlobal
